
Microsoft Visual Studio Solution File, Format Version 12.00
# Visual Studio Version 17
VisualStudioVersion = 17.7.34031.279
MinimumVisualStudioVersion = 10.0.40219.1
Project("{9A19103F-16F7-4668-BE54-9A1E7A4F7556}") = "day2", "day2.csproj", "{176C9321-A9E6-4F4F-8C1B-C50A10454649}"
EndProject
Global
	GlobalSection(SolutionConfigurationPlatforms) = preSolution
		Debug|Any CPU = Debug|Any CPU
		Release|Any CPU = Release|Any CPU
	EndGlobalSection
	GlobalSection(ProjectConfigurationPlatforms) = postSolution
		{176C9321-A9E6-4F4F-8C1B-C50A10454649}.Debug|Any CPU.ActiveCfg = Debug|Any CPU
		{176C9321-A9E6-4F4F-8C1B-C50A10454649}.Debug|Any CPU.Build.0 = Debug|Any CPU
		{176C9321-A9E6-4F4F-8C1B-C50A10454649}.Release|Any CPU.ActiveCfg = Release|Any CPU
		{176C9321-A9E6-4F4F-8C1B-C50A10454649}.Release|Any CPU.Build.0 = Release|Any CPU
	EndGlobalSection
	GlobalSection(SolutionProperties) = preSolution
		HideSolutionNode = FALSE
	EndGlobalSection
	GlobalSection(ExtensibilityGlobals) = postSolution
		SolutionGuid = {5D4C2528-9B17-424F-B9ED-31462F06F3D4}
	EndGlobalSection
EndGlobal
